
Microsoft Visual Studio Solution File, Format Version 11.00
# Visual Studio 2010
Project("{FAE04EC0-301F-11D3-BF4B-00C04F79EFBC}") = "Box2D.XNA - windows", "Box2D.XNA\Box2D.XNA - windows.csproj", "{22791486-E721-4511-AA4B-DA26CF5D0F2E}"
EndProject
Project("{FAE04EC0-301F-11D3-BF4B-00C04F79EFBC}") = "Box2D.XNA.TestBed - windows", "Box2D.XNA.TestBed\Box2D.XNA.TestBed - windows.csproj", "{299B2C66-6731-4FC6-8E2D-F08BBE2F999C}"
EndProject
Project("{FAE04EC0-301F-11D3-BF4B-00C04F79EFBC}") = "Box2D.XNA.TestBedContent", "Box2D.XNA.TestBed\Content\Box2D.XNA.TestBedContent.contentproj", "{D56CE43B-5255-4E09-9BF0-D1F000DBB9D4}"
EndProject
Global
	GlobalSection(SolutionConfigurationPlatforms) = preSolution
		Debug|Any CPU = Debug|Any CPU
		Debug|Mixed Platforms = Debug|Mixed Platforms
		Debug|Windows Phone = Debug|Windows Phone
		Debug|x86 = Debug|x86
		Debug|Xbox 360 = Debug|Xbox 360
		Release|Any CPU = Release|Any CPU
		Release|Mixed Platforms = Release|Mixed Platforms
		Release|Windows Phone = Release|Windows Phone
		Release|x86 = Release|x86
		Release|Xbox 360 = Release|Xbox 360
	EndGlobalSection
	GlobalSection(ProjectConfigurationPlatforms) = postSolution
		{22791486-E721-4511-AA4B-DA26CF5D0F2E}.Debug|Any CPU.ActiveCfg = Debug|x86
		{22791486-E721-4511-AA4B-DA26CF5D0F2E}.Debug|Mixed Platforms.ActiveCfg = Debug|x86
		{22791486-E721-4511-AA4B-DA26CF5D0F2E}.Debug|Mixed Platforms.Build.0 = Debug|x86
		{22791486-E721-4511-AA4B-DA26CF5D0F2E}.Debug|Windows Phone.ActiveCfg = Debug|x86
		{22791486-E721-4511-AA4B-DA26CF5D0F2E}.Debug|x86.ActiveCfg = Debug|x86
		{22791486-E721-4511-AA4B-DA26CF5D0F2E}.Debug|x86.Build.0 = Debug|x86
		{22791486-E721-4511-AA4B-DA26CF5D0F2E}.Debug|Xbox 360.ActiveCfg = Debug|x86
		{22791486-E721-4511-AA4B-DA26CF5D0F2E}.Release|Any CPU.ActiveCfg = Release|x86
		{22791486-E721-4511-AA4B-DA26CF5D0F2E}.Release|Mixed Platforms.ActiveCfg = Release|x86
		{22791486-E721-4511-AA4B-DA26CF5D0F2E}.Release|Mixed Platforms.Build.0 = Release|x86
		{22791486-E721-4511-AA4B-DA26CF5D0F2E}.Release|Windows Phone.ActiveCfg = Release|x86
		{22791486-E721-4511-AA4B-DA26CF5D0F2E}.Release|x86.ActiveCfg = Release|x86
		{22791486-E721-4511-AA4B-DA26CF5D0F2E}.Release|x86.Build.0 = Release|x86
		{22791486-E721-4511-AA4B-DA26CF5D0F2E}.Release|Xbox 360.ActiveCfg = Release|x86
		{299B2C66-6731-4FC6-8E2D-F08BBE2F999C}.Debug|Any CPU.ActiveCfg = Debug|x86
		{299B2C66-6731-4FC6-8E2D-F08BBE2F999C}.Debug|Mixed Platforms.ActiveCfg = Debug|x86
		{299B2C66-6731-4FC6-8E2D-F08BBE2F999C}.Debug|Mixed Platforms.Build.0 = Debug|x86
		{299B2C66-6731-4FC6-8E2D-F08BBE2F999C}.Debug|Windows Phone.ActiveCfg = Debug|x86
		{299B2C66-6731-4FC6-8E2D-F08BBE2F999C}.Debug|Windows Phone.Build.0 = Debug|x86
		{299B2C66-6731-4FC6-8E2D-F08BBE2F999C}.Debug|x86.ActiveCfg = Debug|x86
		{299B2C66-6731-4FC6-8E2D-F08BBE2F999C}.Debug|x86.Build.0 = Debug|x86
		{299B2C66-6731-4FC6-8E2D-F08BBE2F999C}.Debug|Xbox 360.ActiveCfg = Debug|x86
		{299B2C66-6731-4FC6-8E2D-F08BBE2F999C}.Debug|Xbox 360.Build.0 = Debug|x86
		{299B2C66-6731-4FC6-8E2D-F08BBE2F999C}.Release|Any CPU.ActiveCfg = Release|x86
		{299B2C66-6731-4FC6-8E2D-F08BBE2F999C}.Release|Mixed Platforms.ActiveCfg = Release|x86
		{299B2C66-6731-4FC6-8E2D-F08BBE2F999C}.Release|Mixed Platforms.Build.0 = Release|x86
		{299B2C66-6731-4FC6-8E2D-F08BBE2F999C}.Release|Windows Phone.ActiveCfg = Release|x86
		{299B2C66-6731-4FC6-8E2D-F08BBE2F999C}.Release|Windows Phone.Build.0 = Release|x86
		{299B2C66-6731-4FC6-8E2D-F08BBE2F999C}.Release|x86.ActiveCfg = Release|x86
		{299B2C66-6731-4FC6-8E2D-F08BBE2F999C}.Release|x86.Build.0 = Release|x86
		{299B2C66-6731-4FC6-8E2D-F08BBE2F999C}.Release|Xbox 360.ActiveCfg = Release|x86
		{299B2C66-6731-4FC6-8E2D-F08BBE2F999C}.Release|Xbox 360.Build.0 = Release|x86
		{D56CE43B-5255-4E09-9BF0-D1F000DBB9D4}.Debug|Any CPU.ActiveCfg = Debug|x86
		{D56CE43B-5255-4E09-9BF0-D1F000DBB9D4}.Debug|Mixed Platforms.ActiveCfg = Debug|x86
		{D56CE43B-5255-4E09-9BF0-D1F000DBB9D4}.Debug|Windows Phone.ActiveCfg = Debug|x86
		{D56CE43B-5255-4E09-9BF0-D1F000DBB9D4}.Debug|x86.ActiveCfg = Debug|x86
		{D56CE43B-5255-4E09-9BF0-D1F000DBB9D4}.Debug|Xbox 360.ActiveCfg = Debug|x86
		{D56CE43B-5255-4E09-9BF0-D1F000DBB9D4}.Release|Any CPU.ActiveCfg = Release|x86
		{D56CE43B-5255-4E09-9BF0-D1F000DBB9D4}.Release|Mixed Platforms.ActiveCfg = Release|x86
		{D56CE43B-5255-4E09-9BF0-D1F000DBB9D4}.Release|Windows Phone.ActiveCfg = Release|x86
		{D56CE43B-5255-4E09-9BF0-D1F000DBB9D4}.Release|x86.ActiveCfg = Release|x86
		{D56CE43B-5255-4E09-9BF0-D1F000DBB9D4}.Release|Xbox 360.ActiveCfg = Release|x86
	EndGlobalSection
	GlobalSection(SolutionProperties) = preSolution
		HideSolutionNode = FALSE
	EndGlobalSection
EndGlobal
